
Microsoft Visual Studio Solution File, Format Version 12.00
# Visual Studio Version 17
VisualStudioVersion = 17.9.34728.123
MinimumVisualStudioVersion = 10.0.40219.1
Project("{FAE04EC0-301F-11D3-BF4B-00C04F79EFBC}") = "EcouzVilla_API", "EcouzVilla_API\EcouzVilla_API.csproj", "{4FB7AEFC-2F5D-4971-9F01-F590C58EBAD0}"
EndProject
Global
	GlobalSection(SolutionConfigurationPlatforms) = preSolution
		Debug|Any CPU = Debug|Any CPU
		Release|Any CPU = Release|Any CPU
	EndGlobalSection
	GlobalSection(ProjectConfigurationPlatforms) = postSolution
		{4FB7AEFC-2F5D-4971-9F01-F590C58EBAD0}.Debug|Any CPU.ActiveCfg = Debug|Any CPU
		{4FB7AEFC-2F5D-4971-9F01-F590C58EBAD0}.Debug|Any CPU.Build.0 = Debug|Any CPU
		{4FB7AEFC-2F5D-4971-9F01-F590C58EBAD0}.Release|Any CPU.ActiveCfg = Release|Any CPU
		{4FB7AEFC-2F5D-4971-9F01-F590C58EBAD0}.Release|Any CPU.Build.0 = Release|Any CPU
	EndGlobalSection
	GlobalSection(SolutionProperties) = preSolution
		HideSolutionNode = FALSE
	EndGlobalSection
	GlobalSection(ExtensibilityGlobals) = postSolution
		SolutionGuid = {7BD8C723-6F64-4D15-9D94-C02B6B33C819}
	EndGlobalSection
EndGlobal
